
Microsoft Visual Studio Solution File, Format Version 12.00
# Visual Studio Version 17
VisualStudioVersion = 17.11.35219.272
MinimumVisualStudioVersion = 10.0.40219.1
Project("{FAE04EC0-301F-11D3-BF4B-00C04F79EFBC}") = "Calculo bonificaciones", "Calculo bonificaciones\Calculo bonificaciones.csproj", "{7318A229-9740-49FB-80C0-D08E5EC4D470}"
EndProject
Global
	GlobalSection(SolutionConfigurationPlatforms) = preSolution
		Debug|Any CPU = Debug|Any CPU
		Release|Any CPU = Release|Any CPU
	EndGlobalSection
	GlobalSection(ProjectConfigurationPlatforms) = postSolution
		{7318A229-9740-49FB-80C0-D08E5EC4D470}.Debug|Any CPU.ActiveCfg = Debug|Any CPU
		{7318A229-9740-49FB-80C0-D08E5EC4D470}.Debug|Any CPU.Build.0 = Debug|Any CPU
		{7318A229-9740-49FB-80C0-D08E5EC4D470}.Release|Any CPU.ActiveCfg = Release|Any CPU
		{7318A229-9740-49FB-80C0-D08E5EC4D470}.Release|Any CPU.Build.0 = Release|Any CPU
	EndGlobalSection
	GlobalSection(SolutionProperties) = preSolution
		HideSolutionNode = FALSE
	EndGlobalSection
	GlobalSection(ExtensibilityGlobals) = postSolution
		SolutionGuid = {52FB5940-303C-4BF9-86F8-8474E93150ED}
	EndGlobalSection
EndGlobal
